
Microsoft Visual Studio Solution File, Format Version 12.00
# Visual Studio Version 17
VisualStudioVersion = 17.5.33424.131
MinimumVisualStudioVersion = 10.0.40219.1
Project("{FAE04EC0-301F-11D3-BF4B-00C04F79EFBC}") = "Flight", "Flight\Flight.csproj", "{AE6B3F4D-5B76-4B7F-B76B-9620A5600B6A}"
EndProject
Global
	GlobalSection(SolutionConfigurationPlatforms) = preSolution
		Debug|Any CPU = Debug|Any CPU
		Release|Any CPU = Release|Any CPU
	EndGlobalSection
	GlobalSection(ProjectConfigurationPlatforms) = postSolution
		{AE6B3F4D-5B76-4B7F-B76B-9620A5600B6A}.Debug|Any CPU.ActiveCfg = Debug|Any CPU
		{AE6B3F4D-5B76-4B7F-B76B-9620A5600B6A}.Debug|Any CPU.Build.0 = Debug|Any CPU
		{AE6B3F4D-5B76-4B7F-B76B-9620A5600B6A}.Release|Any CPU.ActiveCfg = Release|Any CPU
		{AE6B3F4D-5B76-4B7F-B76B-9620A5600B6A}.Release|Any CPU.Build.0 = Release|Any CPU
	EndGlobalSection
	GlobalSection(SolutionProperties) = preSolution
		HideSolutionNode = FALSE
	EndGlobalSection
	GlobalSection(ExtensibilityGlobals) = postSolution
		SolutionGuid = {253FC87D-23F0-41C1-84F1-D29C735ACFF2}
	EndGlobalSection
EndGlobal
